{
  "name": "oop",
  "version": "1.0.0",
  "lockfileVersion": 1,
  "requires": true,
  "dependencies": {
    "eslist": {
      "version": "1.0.0-beta.1",
      "resolved": "https://monitor.connected2fiber.com/nexus/repository/npm-group/eslist/-/eslist-1.0.0-beta.1.tgz",
      "integrity": "sha512-E62RN0l1yuH9O/RRdnB+MYTqB9/oPIc+0Y6N5HMzwTQJ1T4uAdGQS0S97E8UGsT/hCncv0NduaJztsnRRGkpVw=="
    }
  }
}
